{
  "name": "dskd",
  "version": "9.27.0",
  "lockfileVersion": 3,
  "requires": true,
  "packages": {
    "": {
      "name": "dskd",
      "version": "9.27.0",
      "license": "CC BY-NC",
      "devDependencies": {
        "dskdius": "file:../dskdius"
      }
    },
    "../dskdius": {
      "version": "1.0.0",
      "dev": true,
      "license": "MIT",
      "dependencies": {
        "marked": "^18.0.7",
        "pug": "^3.0.4"
      },
      "bin": {
        "dskdius": "lib/cli.mjs"
      },
      "engines": {
        "node": ">=24"
      }
    },
    "node_modules/dskdius": {
      "resolved": "../dskdius",
      "link": true
    }
  }
}
